// !$*UTF8*$!
{
	archiveVersion = 1;
	classes = {
	};
	objectVersion = 48;
	objects = {

/* Begin PBXBuildFile section */
		0FAFEFF73FCAAC5FB1E75496 /* Pods_CleanSwiftArchitectureExample.framework in Frameworks */ = {isa = PBXBuildFile; fileRef = 53DC3D1D5C4A336CE48B8A42 /* Pods_CleanSwiftArchitectureExample.framework */; };
		617D001D2109AC0E00C827C0 /* SearchPresenter.swift in Sources */ = {isa = PBXBuildFile; fileRef = 617D00172109AC0E00C827C0 /* SearchPresenter.swift */; };
		617D001E2109AC0E00C827C0 /* SearchWorker.swift in Sources */ = {isa = PBXBuildFile; fileRef = 617D00182109AC0E00C827C0 /* SearchWorker.swift */; };
		617D001F2109AC0E00C827C0 /* SearchRouter.swift in Sources */ = {isa = PBXBuildFile; fileRef = 617D00192109AC0E00C827C0 /* SearchRouter.swift */; };
		617D00202109AC0E00C827C0 /* SearchModels.swift in Sources */ = {isa = PBXBuildFile; fileRef = 617D001A2109AC0E00C827C0 /* SearchModels.swift */; };
		617D00212109AC0E00C827C0 /* SearchViewController.swift in Sources */ = {isa = PBXBuildFile; fileRef = 617D001B2109AC0E00C827C0 /* SearchViewController.swift */; };
		617D00222109AC0E00C827C0 /* SearchInteractor.swift in Sources */ = {isa = PBXBuildFile; fileRef = 617D001C2109AC0E00C827C0 /* SearchInteractor.swift */; };
		617E78AC210A3C6A00F27202 /* APIManager.swift in Sources */ = {isa = PBXBuildFile; fileRef = 617E78AB210A3C6A00F27202 /* APIManager.swift */; };
		617E78AE210A4BCC00F27202 /* SearchConfigurator.swift in Sources */ = {isa = PBXBuildFile; fileRef = 617E78AD210A4BCC00F27202 /* SearchConfigurator.swift */; };
		61BB8C46211070DC00AC5964 /* DetailsPresenter.swift in Sources */ = {isa = PBXBuildFile; fileRef = 61BB8C40211070DC00AC5964 /* DetailsPresenter.swift */; };
		61BB8C47211070DC00AC5964 /* DetailsWorker.swift in Sources */ = {isa = PBXBuildFile; fileRef = 61BB8C41211070DC00AC5964 /* DetailsWorker.swift */; };
		61BB8C48211070DC00AC5964 /* DetailsRouter.swift in Sources */ = {isa = PBXBuildFile; fileRef = 61BB8C42211070DC00AC5964 /* DetailsRouter.swift */; };
		61BB8C49211070DC00AC5964 /* DetailsModels.swift in Sources */ = {isa = PBXBuildFile; fileRef = 61BB8C43211070DC00AC5964 /* DetailsModels.swift */; };
		61BB8C4A211070DC00AC5964 /* DetailsViewController.swift in Sources */ = {isa = PBXBuildFile; fileRef = 61BB8C44211070DC00AC5964 /* DetailsViewController.swift */; };
		61BB8C4B211070DC00AC5964 /* DetailsInteractor.swift in Sources */ = {isa = PBXBuildFile; fileRef = 61BB8C45211070DC00AC5964 /* DetailsInteractor.swift */; };
		61E8AD28210E1D0600B13C96 /* Cocktail.swift in Sources */ = {isa = PBXBuildFile; fileRef = 61E8AD27210E1D0600B13C96 /* Cocktail.swift */; };
		61F5A0B020ED7B0D0044BB8D /* AppDelegate.swift in Sources */ = {isa = PBXBuildFile; fileRef = 61F5A0AF20ED7B0D0044BB8D /* AppDelegate.swift */; };
		61F5A0B520ED7B0D0044BB8D /* Main.storyboard in Resources */ = {isa = PBXBuildFile; fileRef = 61F5A0B320ED7B0D0044BB8D /* Main.storyboard */; };
		61F5A0B720ED7B0D0044BB8D /* Assets.xcassets in Resources */ = {isa = PBXBuildFile; fileRef = 61F5A0B620ED7B0D0044BB8D /* Assets.xcassets */; };
		61F5A0BA20ED7B0D0044BB8D /* LaunchScreen.storyboard in Resources */ = {isa = PBXBuildFile; fileRef = 61F5A0B820ED7B0D0044BB8D /* LaunchScreen.storyboard */; };
		61F5A0C520ED7B0D0044BB8D /* CleanSwiftArchitectureExampleTests.swift in Sources */ = {isa = PBXBuildFile; fileRef = 61F5A0C420ED7B0D0044BB8D /* CleanSwiftArchitectureExampleTests.swift */; };
/* End PBXBuildFile section */

/* Begin PBXContainerItemProxy section */
		61F5A0C120ED7B0D0044BB8D /* PBXContainerItemProxy */ = {
			isa = PBXContainerItemProxy;
			containerPortal = 61F5A0A420ED7B0D0044BB8D /* Project object */;
			proxyType = 1;
			remoteGlobalIDString = 61F5A0AB20ED7B0D0044BB8D;
			remoteInfo = CleanSwiftArchitectureExample;
		};
/* End PBXContainerItemProxy section */

/* Begin PBXFileReference section */
		1F991E53BBDE6A4A1CF529AC /* Pods-CleanSwiftArchitectureExample.debug.xcconfig */ = {isa = PBXFileReference; includeInIndex = 1; lastKnownFileType = text.xcconfig; name = "Pods-CleanSwiftArchitectureExample.debug.xcconfig"; path = "Pods/Target Support Files/Pods-CleanSwiftArchitectureExample/Pods-CleanSwiftArchitectureExample.debug.xcconfig"; sourceTree = "<group>"; };
		53DC3D1D5C4A336CE48B8A42 /* Pods_CleanSwiftArchitectureExample.framework */ = {isa = PBXFileReference; explicitFileType = wrapper.framework; includeInIndex = 0; path = Pods_CleanSwiftArchitectureExample.framework; sourceTree = BUILT_PRODUCTS_DIR; };
		617D00172109AC0E00C827C0 /* SearchPresenter.swift */ = {isa = PBXFileReference; lastKnownFileType = sourcecode.swift; path = SearchPresenter.swift; sourceTree = "<group>"; };
		617D00182109AC0E00C827C0 /* SearchWorker.swift */ = {isa = PBXFileReference; lastKnownFileType = sourcecode.swift; path = SearchWorker.swift; sourceTree = "<group>"; };
		617D00192109AC0E00C827C0 /* SearchRouter.swift */ = {isa = PBXFileReference; lastKnownFileType = sourcecode.swift; path = SearchRouter.swift; sourceTree = "<group>"; };
		617D001A2109AC0E00C827C0 /* SearchModels.swift */ = {isa = PBXFileReference; lastKnownFileType = sourcecode.swift; path = SearchModels.swift; sourceTree = "<group>"; };
		617D001B2109AC0E00C827C0 /* SearchViewController.swift */ = {isa = PBXFileReference; lastKnownFileType = sourcecode.swift; path = SearchViewController.swift; sourceTree = "<group>"; };
		617D001C2109AC0E00C827C0 /* SearchInteractor.swift */ = {isa = PBXFileReference; lastKnownFileType = sourcecode.swift; path = SearchInteractor.swift; sourceTree = "<group>"; };
		617E78AB210A3C6A00F27202 /* APIManager.swift */ = {isa = PBXFileReference; lastKnownFileType = sourcecode.swift; path = APIManager.swift; sourceTree = "<group>"; };
		617E78AD210A4BCC00F27202 /* SearchConfigurator.swift */ = {isa = PBXFileReference; lastKnownFileType = sourcecode.swift; path = SearchConfigurator.swift; sourceTree = "<group>"; };
		61BB8C40211070DC00AC5964 /* DetailsPresenter.swift */ = {isa = PBXFileReference; lastKnownFileType = sourcecode.swift; path = DetailsPresenter.swift; sourceTree = "<group>"; };
		61BB8C41211070DC00AC5964 /* DetailsWorker.swift */ = {isa = PBXFileReference; lastKnownFileType = sourcecode.swift; path = DetailsWorker.swift; sourceTree = "<group>"; };
		61BB8C42211070DC00AC5964 /* DetailsRouter.swift */ = {isa = PBXFileReference; lastKnownFileType = sourcecode.swift; path = DetailsRouter.swift; sourceTree = "<group>"; };
		61BB8C43211070DC00AC5964 /* DetailsModels.swift */ = {isa = PBXFileReference; lastKnownFileType = sourcecode.swift; path = DetailsModels.swift; sourceTree = "<group>"; };
		61BB8C44211070DC00AC5964 /* DetailsViewController.swift */ = {isa = PBXFileReference; lastKnownFileType = sourcecode.swift; path = DetailsViewController.swift; sourceTree = "<group>"; };
		61BB8C45211070DC00AC5964 /* DetailsInteractor.swift */ = {isa = PBXFileReference; lastKnownFileType = sourcecode.swift; path = DetailsInteractor.swift; sourceTree = "<group>"; };
		61E8AD27210E1D0600B13C96 /* Cocktail.swift */ = {isa = PBXFileReference; fileEncoding = 4; lastKnownFileType = sourcecode.swift; path = Cocktail.swift; sourceTree = "<group>"; };
		61F5A0AC20ED7B0D0044BB8D /* CleanSwiftArchitectureExample.app */ = {isa = PBXFileReference; explicitFileType = wrapper.application; includeInIndex = 0; path = CleanSwiftArchitectureExample.app; sourceTree = BUILT_PRODUCTS_DIR; };
		61F5A0AF20ED7B0D0044BB8D /* AppDelegate.swift */ = {isa = PBXFileReference; lastKnownFileType = sourcecode.swift; path = AppDelegate.swift; sourceTree = "<group>"; };
		61F5A0B420ED7B0D0044BB8D /* Base */ = {isa = PBXFileReference; lastKnownFileType = file.storyboard; name = Base; path = Base.lproj/Main.storyboard; sourceTree = "<group>"; };
		61F5A0B620ED7B0D0044BB8D /* Assets.xcassets */ = {isa = PBXFileReference; lastKnownFileType = folder.assetcatalog; path = Assets.xcassets; sourceTree = "<group>"; };
		61F5A0B920ED7B0D0044BB8D /* Base */ = {isa = PBXFileReference; lastKnownFileType = file.storyboard; name = Base; path = Base.lproj/LaunchScreen.storyboard; sourceTree = "<group>"; };
		61F5A0BB20ED7B0D0044BB8D /* Info.plist */ = {isa = PBXFileReference; lastKnownFileType = text.plist.xml; path = Info.plist; sourceTree = "<group>"; };
		61F5A0C020ED7B0D0044BB8D /* CleanSwiftArchitectureExampleTests.xctest */ = {isa = PBXFileReference; explicitFileType = wrapper.cfbundle; includeInIndex = 0; path = CleanSwiftArchitectureExampleTests.xctest; sourceTree = BUILT_PRODUCTS_DIR; };
		61F5A0C420ED7B0D0044BB8D /* CleanSwiftArchitectureExampleTests.swift */ = {isa = PBXFileReference; lastKnownFileType = sourcecode.swift; path = CleanSwiftArchitectureExampleTests.swift; sourceTree = "<group>"; };
		61F5A0C620ED7B0D0044BB8D /* Info.plist */ = {isa = PBXFileReference; lastKnownFileType = text.plist.xml; path = Info.plist; sourceTree = "<group>"; };
		9025E56C24155665014A49B2 /* Pods-CleanSwiftArchitectureExample.release.xcconfig */ = {isa = PBXFileReference; includeInIndex = 1; lastKnownFileType = text.xcconfig; name = "Pods-CleanSwiftArchitectureExample.release.xcconfig"; path = "Pods/Target Support Files/Pods-CleanSwiftArchitectureExample/Pods-CleanSwiftArchitectureExample.release.xcconfig"; sourceTree = "<group>"; };
/* End PBXFileReference section */

/* Begin PBXFrameworksBuildPhase section */
		61F5A0A920ED7B0D0044BB8D /* Frameworks */ = {
			isa = PBXFrameworksBuildPhase;
			buildActionMask = 2147483647;
			files = (
				0FAFEFF73FCAAC5FB1E75496 /* Pods_CleanSwiftArchitectureExample.framework in Frameworks */,
			);
			runOnlyForDeploymentPostprocessing = 0;
		};
		61F5A0BD20ED7B0D0044BB8D /* Frameworks */ = {
			isa = PBXFrameworksBuildPhase;
			buildActionMask = 2147483647;
			files = (
			);
			runOnlyForDeploymentPostprocessing = 0;
		};
/* End PBXFrameworksBuildPhase section */

/* Begin PBXGroup section */
		617D00232109AC1700C827C0 /* Scenes */ = {
			isa = PBXGroup;
			children = (
				61BB8C3F211070C400AC5964 /* Details */,
				617D00242109AC2300C827C0 /* Search */,
			);
			path = Scenes;
			sourceTree = "<group>";
		};
		617D00242109AC2300C827C0 /* Search */ = {
			isa = PBXGroup;
			children = (
				617E78AD210A4BCC00F27202 /* SearchConfigurator.swift */,
				617D001C2109AC0E00C827C0 /* SearchInteractor.swift */,
				617D001A2109AC0E00C827C0 /* SearchModels.swift */,
				617D00172109AC0E00C827C0 /* SearchPresenter.swift */,
				617D00192109AC0E00C827C0 /* SearchRouter.swift */,
				617D001B2109AC0E00C827C0 /* SearchViewController.swift */,
				617D00182109AC0E00C827C0 /* SearchWorker.swift */,
			);
			path = Search;
			sourceTree = "<group>";
		};
		617E78AA210A3C3700F27202 /* Managers */ = {
			isa = PBXGroup;
			children = (
				617E78AB210A3C6A00F27202 /* APIManager.swift */,
			);
			path = Managers;
			sourceTree = "<group>";
		};
		61BB8C3F211070C400AC5964 /* Details */ = {
			isa = PBXGroup;
			children = (
				61BB8C40211070DC00AC5964 /* DetailsPresenter.swift */,
				61BB8C41211070DC00AC5964 /* DetailsWorker.swift */,
				61BB8C42211070DC00AC5964 /* DetailsRouter.swift */,
				61BB8C43211070DC00AC5964 /* DetailsModels.swift */,
				61BB8C44211070DC00AC5964 /* DetailsViewController.swift */,
				61BB8C45211070DC00AC5964 /* DetailsInteractor.swift */,
			);
			path = Details;
			sourceTree = "<group>";
		};
		61E8AD26210E1D0600B13C96 /* Models */ = {
			isa = PBXGroup;
			children = (
				61E8AD27210E1D0600B13C96 /* Cocktail.swift */,
			);
			path = Models;
			sourceTree = "<group>";
		};
		61F5A0A320ED7B0D0044BB8D = {
			isa = PBXGroup;
			children = (
				61F5A0AE20ED7B0D0044BB8D /* CleanSwiftArchitectureExample */,
				61F5A0C320ED7B0D0044BB8D /* CleanSwiftArchitectureExampleTests */,
				61F5A0AD20ED7B0D0044BB8D /* Products */,
				D5A7A1E6ABDDA03E400699CD /* Pods */,
				72490A30DED49CE57DF73C2F /* Frameworks */,
			);
			sourceTree = "<group>";
		};
		61F5A0AD20ED7B0D0044BB8D /* Products */ = {
			isa = PBXGroup;
			children = (
				61F5A0AC20ED7B0D0044BB8D /* CleanSwiftArchitectureExample.app */,
				61F5A0C020ED7B0D0044BB8D /* CleanSwiftArchitectureExampleTests.xctest */,
			);
			name = Products;
			sourceTree = "<group>";
		};
		61F5A0AE20ED7B0D0044BB8D /* CleanSwiftArchitectureExample */ = {
			isa = PBXGroup;
			children = (
				617E78AA210A3C3700F27202 /* Managers */,
				61E8AD26210E1D0600B13C96 /* Models */,
				617D00232109AC1700C827C0 /* Scenes */,
				61F5A0AF20ED7B0D0044BB8D /* AppDelegate.swift */,
				61F5A0B320ED7B0D0044BB8D /* Main.storyboard */,
				61F5A0B620ED7B0D0044BB8D /* Assets.xcassets */,
				61F5A0B820ED7B0D0044BB8D /* LaunchScreen.storyboard */,
				61F5A0BB20ED7B0D0044BB8D /* Info.plist */,
			);
			path = CleanSwiftArchitectureExample;
			sourceTree = "<group>";
		};
		61F5A0C320ED7B0D0044BB8D /* CleanSwiftArchitectureExampleTests */ = {
			isa = PBXGroup;
			children = (
				61F5A0C420ED7B0D0044BB8D /* CleanSwiftArchitectureExampleTests.swift */,
				61F5A0C620ED7B0D0044BB8D /* Info.plist */,
			);
			path = CleanSwiftArchitectureExampleTests;
			sourceTree = "<group>";
		};
		72490A30DED49CE57DF73C2F /* Frameworks */ = {
			isa = PBXGroup;
			children = (
				53DC3D1D5C4A336CE48B8A42 /* Pods_CleanSwiftArchitectureExample.framework */,
			);
			name = Frameworks;
			sourceTree = "<group>";
		};
		D5A7A1E6ABDDA03E400699CD /* Pods */ = {
			isa = PBXGroup;
			children = (
				1F991E53BBDE6A4A1CF529AC /* Pods-CleanSwiftArchitectureExample.debug.xcconfig */,
				9025E56C24155665014A49B2 /* Pods-CleanSwiftArchitectureExample.release.xcconfig */,
			);
			name = Pods;
			sourceTree = "<group>";
		};
/* End PBXGroup section */

/* Begin PBXNativeTarget section */
		61F5A0AB20ED7B0D0044BB8D /* CleanSwiftArchitectureExample */ = {
			isa = PBXNativeTarget;
			buildConfigurationList = 61F5A0C920ED7B0D0044BB8D /* Build configuration list for PBXNativeTarget "CleanSwiftArchitectureExample" */;
			buildPhases = (
				5329CC207A684D0231A66BF7 /* [CP] Check Pods Manifest.lock */,
				61F5A0A820ED7B0D0044BB8D /* Sources */,
				61F5A0A920ED7B0D0044BB8D /* Frameworks */,
				61F5A0AA20ED7B0D0044BB8D /* Resources */,
				C3F525EEEEA7437127CE55CB /* [CP] Embed Pods Frameworks */,
			);
			buildRules = (
			);
			dependencies = (
			);
			name = CleanSwiftArchitectureExample;
			productName = CleanSwiftArchitectureExample;
			productReference = 61F5A0AC20ED7B0D0044BB8D /* CleanSwiftArchitectureExample.app */;
			productType = "com.apple.product-type.application";
		};
		61F5A0BF20ED7B0D0044BB8D /* CleanSwiftArchitectureExampleTests */ = {
			isa = PBXNativeTarget;
			buildConfigurationList = 61F5A0CC20ED7B0D0044BB8D /* Build configuration list for PBXNativeTarget "CleanSwiftArchitectureExampleTests" */;
			buildPhases = (
				61F5A0BC20ED7B0D0044BB8D /* Sources */,
				61F5A0BD20ED7B0D0044BB8D /* Frameworks */,
				61F5A0BE20ED7B0D0044BB8D /* Resources */,
			);
			buildRules = (
			);
			dependencies = (
				61F5A0C220ED7B0D0044BB8D /* PBXTargetDependency */,
			);
			name = CleanSwiftArchitectureExampleTests;
			productName = CleanSwiftArchitectureExampleTests;
			productReference = 61F5A0C020ED7B0D0044BB8D /* CleanSwiftArchitectureExampleTests.xctest */;
			productType = "com.apple.product-type.bundle.unit-test";
		};
/* End PBXNativeTarget section */

/* Begin PBXProject section */
		61F5A0A420ED7B0D0044BB8D /* Project object */ = {
			isa = PBXProject;
			attributes = {
				LastSwiftUpdateCheck = 0920;
				LastUpgradeCheck = 0920;
				ORGANIZATIONNAME = "Evgeniy Antonov";
				TargetAttributes = {
					61F5A0AB20ED7B0D0044BB8D = {
						CreatedOnToolsVersion = 9.2;
						ProvisioningStyle = Automatic;
					};
					61F5A0BF20ED7B0D0044BB8D = {
						CreatedOnToolsVersion = 9.2;
						ProvisioningStyle = Automatic;
						TestTargetID = 61F5A0AB20ED7B0D0044BB8D;
					};
				};
			};
			buildConfigurationList = 61F5A0A720ED7B0D0044BB8D /* Build configuration list for PBXProject "CleanSwiftArchitectureExample" */;
			compatibilityVersion = "Xcode 8.0";
			developmentRegion = en;
			hasScannedForEncodings = 0;
			knownRegions = (
				en,
				Base,
			);
			mainGroup = 61F5A0A320ED7B0D0044BB8D;
			productRefGroup = 61F5A0AD20ED7B0D0044BB8D /* Products */;
			projectDirPath = "";
			projectRoot = "";
			targets = (
				61F5A0AB20ED7B0D0044BB8D /* CleanSwiftArchitectureExample */,
				61F5A0BF20ED7B0D0044BB8D /* CleanSwiftArchitectureExampleTests */,
			);
		};
/* End PBXProject section */

/* Begin PBXResourcesBuildPhase section */
		61F5A0AA20ED7B0D0044BB8D /* Resources */ = {
			isa = PBXResourcesBuildPhase;
			buildActionMask = 2147483647;
			files = (
				61F5A0BA20ED7B0D0044BB8D /* LaunchScreen.storyboard in Resources */,
				61F5A0B720ED7B0D0044BB8D /* Assets.xcassets in Resources */,
				61F5A0B520ED7B0D0044BB8D /* Main.storyboard in Resources */,
			);
			runOnlyForDeploymentPostprocessing = 0;
		};
		61F5A0BE20ED7B0D0044BB8D /* Resources */ = {
			isa = PBXResourcesBuildPhase;
			buildActionMask = 2147483647;
			files = (
			);
			runOnlyForDeploymentPostprocessing = 0;
		};
/* End PBXResourcesBuildPhase section */

/* Begin PBXShellScriptBuildPhase section */
		5329CC207A684D0231A66BF7 /* [CP] Check Pods Manifest.lock */ = {
			isa = PBXShellScriptBuildPhase;
			buildActionMask = 2147483647;
			files = (
			);
			inputPaths = (
				"${PODS_PODFILE_DIR_PATH}/Podfile.lock",
				"${PODS_ROOT}/Manifest.lock",
			);
			name = "[CP] Check Pods Manifest.lock";
			outputPaths = (
				"$(DERIVED_FILE_DIR)/Pods-CleanSwiftArchitectureExample-checkManifestLockResult.txt",
			);
			runOnlyForDeploymentPostprocessing = 0;
			shellPath = /bin/sh;
			shellScript = "diff \"${PODS_PODFILE_DIR_PATH}/Podfile.lock\" \"${PODS_ROOT}/Manifest.lock\" > /dev/null\nif [ $? != 0 ] ; then\n    # print error to STDERR\n    echo \"error: The sandbox is not in sync with the Podfile.lock. Run 'pod install' or update your CocoaPods installation.\" >&2\n    exit 1\nfi\n# This output is used by Xcode 'outputs' to avoid re-running this script phase.\necho \"SUCCESS\" > \"${SCRIPT_OUTPUT_FILE_0}\"\n";
			showEnvVarsInLog = 0;
		};
		C3F525EEEEA7437127CE55CB /* [CP] Embed Pods Frameworks */ = {
			isa = PBXShellScriptBuildPhase;
			buildActionMask = 2147483647;
			files = (
			);
			inputPaths = (
				"${SRCROOT}/Pods/Target Support Files/Pods-CleanSwiftArchitectureExample/Pods-CleanSwiftArchitectureExample-frameworks.sh",
				"${BUILT_PRODUCTS_DIR}/Alamofire/Alamofire.framework",
				"${BUILT_PRODUCTS_DIR}/ObjectMapper/ObjectMapper.framework",
				"${BUILT_PRODUCTS_DIR}/SDWebImage/SDWebImage.framework",
			);
			name = "[CP] Embed Pods Frameworks";
			outputPaths = (
				"${TARGET_BUILD_DIR}/${FRAMEWORKS_FOLDER_PATH}/Alamofire.framework",
				"${TARGET_BUILD_DIR}/${FRAMEWORKS_FOLDER_PATH}/ObjectMapper.framework",
				"${TARGET_BUILD_DIR}/${FRAMEWORKS_FOLDER_PATH}/SDWebImage.framework",
			);
			runOnlyForDeploymentPostprocessing = 0;
			shellPath = /bin/sh;
			shellScript = "\"${SRCROOT}/Pods/Target Support Files/Pods-CleanSwiftArchitectureExample/Pods-CleanSwiftArchitectureExample-frameworks.sh\"\n";
			showEnvVarsInLog = 0;
		};
/* End PBXShellScriptBuildPhase section */

/* Begin PBXSourcesBuildPhase section */
		61F5A0A820ED7B0D0044BB8D /* Sources */ = {
			isa = PBXSourcesBuildPhase;
			buildActionMask = 2147483647;
			files = (
				61E8AD28210E1D0600B13C96 /* Cocktail.swift in Sources */,
				617E78AE210A4BCC00F27202 /* SearchConfigurator.swift in Sources */,
				617D00212109AC0E00C827C0 /* SearchViewController.swift in Sources */,
				61BB8C4B211070DC00AC5964 /* DetailsInteractor.swift in Sources */,
				617D00222109AC0E00C827C0 /* SearchInteractor.swift in Sources */,
				617E78AC210A3C6A00F27202 /* APIManager.swift in Sources */,
				61BB8C48211070DC00AC5964 /* DetailsRouter.swift in Sources */,
				61BB8C46211070DC00AC5964 /* DetailsPresenter.swift in Sources */,
				617D001F2109AC0E00C827C0 /* SearchRouter.swift in Sources */,
				617D001E2109AC0E00C827C0 /* SearchWorker.swift in Sources */,
				61F5A0B020ED7B0D0044BB8D /* AppDelegate.swift in Sources */,
				61BB8C49211070DC00AC5964 /* DetailsModels.swift in Sources */,
				617D001D2109AC0E00C827C0 /* SearchPresenter.swift in Sources */,
				61BB8C47211070DC00AC5964 /* DetailsWorker.swift in Sources */,
				617D00202109AC0E00C827C0 /* SearchModels.swift in Sources */,
				61BB8C4A211070DC00AC5964 /* DetailsViewController.swift in Sources */,
			);
			runOnlyForDeploymentPostprocessing = 0;
		};
		61F5A0BC20ED7B0D0044BB8D /* Sources */ = {
			isa = PBXSourcesBuildPhase;
			buildActionMask = 2147483647;
			files = (
				61F5A0C520ED7B0D0044BB8D /* CleanSwiftArchitectureExampleTests.swift in Sources */,
			);
			runOnlyForDeploymentPostprocessing = 0;
		};
/* End PBXSourcesBuildPhase section */

/* Begin PBXTargetDependency section */
		61F5A0C220ED7B0D0044BB8D /* PBXTargetDependency */ = {
			isa = PBXTargetDependency;
			target = 61F5A0AB20ED7B0D0044BB8D /* CleanSwiftArchitectureExample */;
			targetProxy = 61F5A0C120ED7B0D0044BB8D /* PBXContainerItemProxy */;
		};
/* End PBXTargetDependency section */

/* Begin PBXVariantGroup section */
		61F5A0B320ED7B0D0044BB8D /* Main.storyboard */ = {
			isa = PBXVariantGroup;
			children = (
				61F5A0B420ED7B0D0044BB8D /* Base */,
			);
			name = Main.storyboard;
			sourceTree = "<group>";
		};
		61F5A0B820ED7B0D0044BB8D /* LaunchScreen.storyboard */ = {
			isa = PBXVariantGroup;
			children = (
				61F5A0B920ED7B0D0044BB8D /* Base */,
			);
			name = LaunchScreen.storyboard;
			sourceTree = "<group>";
		};
/* End PBXVariantGroup section */

/* Begin XCBuildConfiguration section */
		61F5A0C720ED7B0D0044BB8D /* Debug */ = {
			isa = XCBuildConfiguration;
			buildSettings = {
				ALWAYS_SEARCH_USER_PATHS = NO;
				CLANG_ANALYZER_NONNULL = YES;
				CLANG_ANALYZER_NUMBER_OBJECT_CONVERSION = YES_AGGRESSIVE;
				CLANG_CXX_LANGUAGE_STANDARD = "gnu++14";
				CLANG_CXX_LIBRARY = "libc++";
				CLANG_ENABLE_MODULES = YES;
				CLANG_ENABLE_OBJC_ARC = YES;
				CLANG_WARN_BLOCK_CAPTURE_AUTORELEASING = YES;
				CLANG_WARN_BOOL_CONVERSION = YES;
				CLANG_WARN_COMMA = YES;
				CLANG_WARN_CONSTANT_CONVERSION = YES;
				CLANG_WARN_DIRECT_OBJC_ISA_USAGE = YES_ERROR;
				CLANG_WARN_DOCUMENTATION_COMMENTS = YES;
				CLANG_WARN_EMPTY_BODY = YES;
				CLANG_WARN_ENUM_CONVERSION = YES;
				CLANG_WARN_INFINITE_RECURSION = YES;
				CLANG_WARN_INT_CONVERSION = YES;
				CLANG_WARN_NON_LITERAL_NULL_CONVERSION = YES;
				CLANG_WARN_OBJC_LITERAL_CONVERSION = YES;
				CLANG_WARN_OBJC_ROOT_CLASS = YES_ERROR;
				CLANG_WARN_RANGE_LOOP_ANALYSIS = YES;
				CLANG_WARN_STRICT_PROTOTYPES = YES;
				CLANG_WARN_SUSPICIOUS_MOVE = YES;
				CLANG_WARN_UNGUARDED_AVAILABILITY = YES_AGGRESSIVE;
				CLANG_WARN_UNREACHABLE_CODE = YES;
				CLANG_WARN__DUPLICATE_METHOD_MATCH = YES;
				CODE_SIGN_IDENTITY = "iPhone Developer";
				COPY_PHASE_STRIP = NO;
				DEBUG_INFORMATION_FORMAT = dwarf;
				ENABLE_STRICT_OBJC_MSGSEND = YES;
				ENABLE_TESTABILITY = YES;
				GCC_C_LANGUAGE_STANDARD = gnu11;
				GCC_DYNAMIC_NO_PIC = NO;
				GCC_NO_COMMON_BLOCKS = YES;
				GCC_OPTIMIZATION_LEVEL = 0;
				GCC_PREPROCESSOR_DEFINITIONS = (
					"DEBUG=1",
					"$(inherited)",
				);
				GCC_WARN_64_TO_32_BIT_CONVERSION = YES;
				GCC_WARN_ABOUT_RETURN_TYPE = YES_ERROR;
				GCC_WARN_UNDECLARED_SELECTOR = YES;
				GCC_WARN_UNINITIALIZED_AUTOS = YES_AGGRESSIVE;
				GCC_WARN_UNUSED_FUNCTION = YES;
				GCC_WARN_UNUSED_VARIABLE = YES;
				IPHONEOS_DEPLOYMENT_TARGET = 11.2;
				MTL_ENABLE_DEBUG_INFO = YES;
				ONLY_ACTIVE_ARCH = YES;
				SDKROOT = iphoneos;
				SWIFT_ACTIVE_COMPILATION_CONDITIONS = DEBUG;
				SWIFT_OPTIMIZATION_LEVEL = "-Onone";
			};
			name = Debug;
		};
		61F5A0C820ED7B0D0044BB8D /* Release */ = {
			isa = XCBuildConfiguration;
			buildSettings = {
				ALWAYS_SEARCH_USER_PATHS = NO;
				CLANG_ANALYZER_NONNULL = YES;
				CLANG_ANALYZER_NUMBER_OBJECT_CONVERSION = YES_AGGRESSIVE;
				CLANG_CXX_LANGUAGE_STANDARD = "gnu++14";
				CLANG_CXX_LIBRARY = "libc++";
				CLANG_ENABLE_MODULES = YES;
				CLANG_ENABLE_OBJC_ARC = YES;
				CLANG_WARN_BLOCK_CAPTURE_AUTORELEASING = YES;
				CLANG_WARN_BOOL_CONVERSION = YES;
				CLANG_WARN_COMMA = YES;
				CLANG_WARN_CONSTANT_CONVERSION = YES;
				CLANG_WARN_DIRECT_OBJC_ISA_USAGE = YES_ERROR;
				CLANG_WARN_DOCUMENTATION_COMMENTS = YES;
				CLANG_WARN_EMPTY_BODY = YES;
				CLANG_WARN_ENUM_CONVERSION = YES;
				CLANG_WARN_INFINITE_RECURSION = YES;
				CLANG_WARN_INT_CONVERSION = YES;
				CLANG_WARN_NON_LITERAL_NULL_CONVERSION = YES;
				CLANG_WARN_OBJC_LITERAL_CONVERSION = YES;
				CLANG_WARN_OBJC_ROOT_CLASS = YES_ERROR;
				CLANG_WARN_RANGE_LOOP_ANALYSIS = YES;
				CLANG_WARN_STRICT_PROTOTYPES = YES;
				CLANG_WARN_SUSPICIOUS_MOVE = YES;
				CLANG_WARN_UNGUARDED_AVAILABILITY = YES_AGGRESSIVE;
				CLANG_WARN_UNREACHABLE_CODE = YES;
				CLANG_WARN__DUPLICATE_METHOD_MATCH = YES;
				CODE_SIGN_IDENTITY = "iPhone Developer";
				COPY_PHASE_STRIP = NO;
				DEBUG_INFORMATION_FORMAT = "dwarf-with-dsym";
				ENABLE_NS_ASSERTIONS = NO;
				ENABLE_STRICT_OBJC_MSGSEND = YES;
				GCC_C_LANGUAGE_STANDARD = gnu11;
				GCC_NO_COMMON_BLOCKS = YES;
				GCC_WARN_64_TO_32_BIT_CONVERSION = YES;
				GCC_WARN_ABOUT_RETURN_TYPE = YES_ERROR;
				GCC_WARN_UNDECLARED_SELECTOR = YES;
				GCC_WARN_UNINITIALIZED_AUTOS = YES_AGGRESSIVE;
				GCC_WARN_UNUSED_FUNCTION = YES;
				GCC_WARN_UNUSED_VARIABLE = YES;
				IPHONEOS_DEPLOYMENT_TARGET = 11.2;
				MTL_ENABLE_DEBUG_INFO = NO;
				SDKROOT = iphoneos;
				SWIFT_OPTIMIZATION_LEVEL = "-Owholemodule";
				VALIDATE_PRODUCT = YES;
			};
			name = Release;
		};
		61F5A0CA20ED7B0D0044BB8D /* Debug */ = {
			isa = XCBuildConfiguration;
			baseConfigurationReference = 1F991E53BBDE6A4A1CF529AC /* Pods-CleanSwiftArchitectureExample.debug.xcconfig */;
			buildSettings = {
				ASSETCATALOG_COMPILER_APPICON_NAME = AppIcon;
				CODE_SIGN_STYLE = Automatic;
				INFOPLIST_FILE = CleanSwiftArchitectureExample/Info.plist;
				LD_RUNPATH_SEARCH_PATHS = "$(inherited) @executable_path/Frameworks";
				PRODUCT_BUNDLE_IDENTIFIER = ea.CleanSwiftArchitectureExample;
				PRODUCT_NAME = "$(TARGET_NAME)";
				SWIFT_VERSION = 4.0;
				TARGETED_DEVICE_FAMILY = "1,2";
			};
			name = Debug;
		};
		61F5A0CB20ED7B0D0044BB8D /* Release */ = {
			isa = XCBuildConfiguration;
			baseConfigurationReference = 9025E56C24155665014A49B2 /* Pods-CleanSwiftArchitectureExample.release.xcconfig */;
			buildSettings = {
				ASSETCATALOG_COMPILER_APPICON_NAME = AppIcon;
				CODE_SIGN_STYLE = Automatic;
				INFOPLIST_FILE = CleanSwiftArchitectureExample/Info.plist;
				LD_RUNPATH_SEARCH_PATHS = "$(inherited) @executable_path/Frameworks";
				PRODUCT_BUNDLE_IDENTIFIER = ea.CleanSwiftArchitectureExample;
				PRODUCT_NAME = "$(TARGET_NAME)";
				SWIFT_VERSION = 4.0;
				TARGETED_DEVICE_FAMILY = "1,2";
			};
			name = Release;
		};
		61F5A0CD20ED7B0D0044BB8D /* Debug */ = {
			isa = XCBuildConfiguration;
			buildSettings = {
				ALWAYS_EMBED_SWIFT_STANDARD_LIBRARIES = YES;
				BUNDLE_LOADER = "$(TEST_HOST)";
				CODE_SIGN_STYLE = Automatic;
				INFOPLIST_FILE = CleanSwiftArchitectureExampleTests/Info.plist;
				LD_RUNPATH_SEARCH_PATHS = "$(inherited) @executable_path/Frameworks @loader_path/Frameworks";
				PRODUCT_BUNDLE_IDENTIFIER = ea.CleanSwiftArchitectureExampleTests;
				PRODUCT_NAME = "$(TARGET_NAME)";
				SWIFT_VERSION = 4.0;
				TARGETED_DEVICE_FAMILY = "1,2";
				TEST_HOST = "$(BUILT_PRODUCTS_DIR)/CleanSwiftArchitectureExample.app/CleanSwiftArchitectureExample";
			};
			name = Debug;
		};
		61F5A0CE20ED7B0D0044BB8D /* Release */ = {
			isa = XCBuildConfiguration;
			buildSettings = {
				ALWAYS_EMBED_SWIFT_STANDARD_LIBRARIES = YES;
				BUNDLE_LOADER = "$(TEST_HOST)";
				CODE_SIGN_STYLE = Automatic;
				INFOPLIST_FILE = CleanSwiftArchitectureExampleTests/Info.plist;
				LD_RUNPATH_SEARCH_PATHS = "$(inherited) @executable_path/Frameworks @loader_path/Frameworks";
				PRODUCT_BUNDLE_IDENTIFIER = ea.CleanSwiftArchitectureExampleTests;
				PRODUCT_NAME = "$(TARGET_NAME)";
				SWIFT_VERSION = 4.0;
				TARGETED_DEVICE_FAMILY = "1,2";
				TEST_HOST = "$(BUILT_PRODUCTS_DIR)/CleanSwiftArchitectureExample.app/CleanSwiftArchitectureExample";
			};
			name = Release;
		};
/* End XCBuildConfiguration section */

/* Begin XCConfigurationList section */
		61F5A0A720ED7B0D0044BB8D /* Build configuration list for PBXProject "CleanSwiftArchitectureExample" */ = {
			isa = XCConfigurationList;
			buildConfigurations = (
				61F5A0C720ED7B0D0044BB8D /* Debug */,
				61F5A0C820ED7B0D0044BB8D /* Release */,
			);
			defaultConfigurationIsVisible = 0;
			defaultConfigurationName = Release;
		};
		61F5A0C920ED7B0D0044BB8D /* Build configuration list for PBXNativeTarget "CleanSwiftArchitectureExample" */ = {
			isa = XCConfigurationList;
			buildConfigurations = (
				61F5A0CA20ED7B0D0044BB8D /* Debug */,
				61F5A0CB20ED7B0D0044BB8D /* Release */,
			);
			defaultConfigurationIsVisible = 0;
			defaultConfigurationName = Release;
		};
		61F5A0CC20ED7B0D0044BB8D /* Build configuration list for PBXNativeTarget "CleanSwiftArchitectureExampleTests" */ = {
			isa = XCConfigurationList;
			buildConfigurations = (
				61F5A0CD20ED7B0D0044BB8D /* Debug */,
				61F5A0CE20ED7B0D0044BB8D /* Release */,
			);
			defaultConfigurationIsVisible = 0;
			defaultConfigurationName = Release;
		};
/* End XCConfigurationList section */
	};
	rootObject = 61F5A0A420ED7B0D0044BB8D /* Project object */;
}
